
Microsoft Visual Studio Solution File, Format Version 12.00
Project("{FAE04EC0-301F-11D3-BF4B-00C04F79EFBC}") = "API_A", "API_A\API_A.csproj", "{084A9639-BEAE-4742-8F63-3BD8FB9F85AF}"
EndProject
Global
	GlobalSection(SolutionConfigurationPlatforms) = preSolution
		Debug|Any CPU = Debug|Any CPU
		Release|Any CPU = Release|Any CPU
	EndGlobalSection
	GlobalSection(ProjectConfigurationPlatforms) = postSolution
		{084A9639-BEAE-4742-8F63-3BD8FB9F85AF}.Debug|Any CPU.ActiveCfg = Debug|Any CPU
		{084A9639-BEAE-4742-8F63-3BD8FB9F85AF}.Debug|Any CPU.Build.0 = Debug|Any CPU
		{084A9639-BEAE-4742-8F63-3BD8FB9F85AF}.Release|Any CPU.ActiveCfg = Release|Any CPU
		{084A9639-BEAE-4742-8F63-3BD8FB9F85AF}.Release|Any CPU.Build.0 = Release|Any CPU
	EndGlobalSection
EndGlobal
